// !$*UTF8*$!
{
	archiveVersion = 1;
	classes = {
	};
	objectVersion = 46;
	objects = {

/* Begin PBXBuildFile section */
		3513CC791C0C5DB600D09A1A /* AppDelegate.swift in Sources */ = {isa = PBXBuildFile; fileRef = 3513CC781C0C5DB600D09A1A /* AppDelegate.swift */; };
		3513CC7B1C0C5DB600D09A1A /* ViewController.swift in Sources */ = {isa = PBXBuildFile; fileRef = 3513CC7A1C0C5DB600D09A1A /* ViewController.swift */; };
		35CA7A701DD6FDA100978909 /* MealTime.xcdatamodeld in Sources */ = {isa = PBXBuildFile; fileRef = 35CA7A6E1DD6FDA100978909 /* MealTime.xcdatamodeld */; };
		35E6AC4F1DD5EC2500E2B450 /* CoreDataStack.swift in Sources */ = {isa = PBXBuildFile; fileRef = 35E6AC4E1DD5EC2500E2B450 /* CoreDataStack.swift */; };
		35F4E98E1DD5D57300D2314A /* Main.storyboard in Resources */ = {isa = PBXBuildFile; fileRef = 3513CC7C1C0C5DB600D09A1A /* Main.storyboard */; };
		35F4E98F1DD5D57600D2314A /* Assets.xcassets in Resources */ = {isa = PBXBuildFile; fileRef = 3513CC821C0C5DB600D09A1A /* Assets.xcassets */; };
		35F4E9901DD5D57900D2314A /* LaunchScreen.storyboard in Resources */ = {isa = PBXBuildFile; fileRef = 3513CC841C0C5DB600D09A1A /* LaunchScreen.storyboard */; };
/* End PBXBuildFile section */

/* Begin PBXFileReference section */
		3513CC751C0C5DB600D09A1A /* MealTime.app */ = {isa = PBXFileReference; explicitFileType = wrapper.application; includeInIndex = 0; path = MealTime.app; sourceTree = BUILT_PRODUCTS_DIR; };
		3513CC781C0C5DB600D09A1A /* AppDelegate.swift */ = {isa = PBXFileReference; lastKnownFileType = sourcecode.swift; path = AppDelegate.swift; sourceTree = "<group>"; };
		3513CC7A1C0C5DB600D09A1A /* ViewController.swift */ = {isa = PBXFileReference; lastKnownFileType = sourcecode.swift; path = ViewController.swift; sourceTree = "<group>"; };
		3513CC7D1C0C5DB600D09A1A /* Base */ = {isa = PBXFileReference; lastKnownFileType = file.storyboard; name = Base; path = Base.lproj/Main.storyboard; sourceTree = "<group>"; };
		3513CC821C0C5DB600D09A1A /* Assets.xcassets */ = {isa = PBXFileReference; lastKnownFileType = folder.assetcatalog; path = Assets.xcassets; sourceTree = "<group>"; };
		3513CC851C0C5DB600D09A1A /* Base */ = {isa = PBXFileReference; lastKnownFileType = file.storyboard; name = Base; path = Base.lproj/LaunchScreen.storyboard; sourceTree = "<group>"; };
		3513CC871C0C5DB600D09A1A /* Info.plist */ = {isa = PBXFileReference; lastKnownFileType = text.plist.xml; path = Info.plist; sourceTree = "<group>"; };
		35CA7A6F1DD6FDA100978909 /* MealTime.xcdatamodel */ = {isa = PBXFileReference; lastKnownFileType = wrapper.xcdatamodel; path = MealTime.xcdatamodel; sourceTree = "<group>"; };
		35CA7A711DD6FEBF00978909 /* Meal+CoreDataClass.swift */ = {isa = PBXFileReference; fileEncoding = 4; lastKnownFileType = sourcecode.swift; name = "Meal+CoreDataClass.swift"; path = "MealTime/Meal+CoreDataClass.swift"; sourceTree = "<group>"; };
		35CA7A721DD6FEBF00978909 /* Meal+CoreDataProperties.swift */ = {isa = PBXFileReference; fileEncoding = 4; lastKnownFileType = sourcecode.swift; name = "Meal+CoreDataProperties.swift"; path = "MealTime/Meal+CoreDataProperties.swift"; sourceTree = "<group>"; };
		35CA7A731DD6FEBF00978909 /* Person+CoreDataClass.swift */ = {isa = PBXFileReference; fileEncoding = 4; lastKnownFileType = sourcecode.swift; name = "Person+CoreDataClass.swift"; path = "MealTime/Person+CoreDataClass.swift"; sourceTree = "<group>"; };
		35CA7A741DD6FEBF00978909 /* Person+CoreDataProperties.swift */ = {isa = PBXFileReference; fileEncoding = 4; lastKnownFileType = sourcecode.swift; name = "Person+CoreDataProperties.swift"; path = "MealTime/Person+CoreDataProperties.swift"; sourceTree = "<group>"; };
		35E6AC4E1DD5EC2500E2B450 /* CoreDataStack.swift */ = {isa = PBXFileReference; fileEncoding = 4; lastKnownFileType = sourcecode.swift; path = CoreDataStack.swift; sourceTree = "<group>"; };
/* End PBXFileReference section */

/* Begin PBXFrameworksBuildPhase section */
		3513CC721C0C5DB600D09A1A /* Frameworks */ = {
			isa = PBXFrameworksBuildPhase;
			buildActionMask = 2147483647;
			files = (
			);
			runOnlyForDeploymentPostprocessing = 0;
		};
/* End PBXFrameworksBuildPhase section */

/* Begin PBXGroup section */
		3513CC6C1C0C5DB600D09A1A = {
			isa = PBXGroup;
			children = (
				35CA7A791DD6FF9400978909 /* CoreData Entites */,
				3513CC771C0C5DB600D09A1A /* MealTime */,
				3513CC761C0C5DB600D09A1A /* Products */,
			);
			sourceTree = "<group>";
		};
		3513CC761C0C5DB600D09A1A /* Products */ = {
			isa = PBXGroup;
			children = (
				3513CC751C0C5DB600D09A1A /* MealTime.app */,
			);
			name = Products;
			sourceTree = "<group>";
		};
		3513CC771C0C5DB600D09A1A /* MealTime */ = {
			isa = PBXGroup;
			children = (
				3513CC781C0C5DB600D09A1A /* AppDelegate.swift */,
				3513CC7A1C0C5DB600D09A1A /* ViewController.swift */,
				35E6AC4E1DD5EC2500E2B450 /* CoreDataStack.swift */,
				3513CC7C1C0C5DB600D09A1A /* Main.storyboard */,
				3513CC821C0C5DB600D09A1A /* Assets.xcassets */,
				3513CC841C0C5DB600D09A1A /* LaunchScreen.storyboard */,
				3513CC871C0C5DB600D09A1A /* Info.plist */,
				35CA7A6E1DD6FDA100978909 /* MealTime.xcdatamodeld */,
			);
			path = MealTime;
			sourceTree = "<group>";
		};
		35CA7A791DD6FF9400978909 /* CoreData Entites */ = {
			isa = PBXGroup;
			children = (
				35CA7A711DD6FEBF00978909 /* Meal+CoreDataClass.swift */,
				35CA7A721DD6FEBF00978909 /* Meal+CoreDataProperties.swift */,
				35CA7A731DD6FEBF00978909 /* Person+CoreDataClass.swift */,
				35CA7A741DD6FEBF00978909 /* Person+CoreDataProperties.swift */,
			);
			name = "CoreData Entites";
			sourceTree = "<group>";
		};
/* End PBXGroup section */

/* Begin PBXNativeTarget section */
		3513CC741C0C5DB600D09A1A /* MealTime */ = {
			isa = PBXNativeTarget;
			buildConfigurationList = 3513CC8A1C0C5DB600D09A1A /* Build configuration list for PBXNativeTarget "MealTime" */;
			buildPhases = (
				3513CC711C0C5DB600D09A1A /* Sources */,
				3513CC721C0C5DB600D09A1A /* Frameworks */,
				3513CC731C0C5DB600D09A1A /* Resources */,
			);
			buildRules = (
			);
			dependencies = (
			);
			name = MealTime;
			productName = MealTime;
			productReference = 3513CC751C0C5DB600D09A1A /* MealTime.app */;
			productType = "com.apple.product-type.application";
		};
/* End PBXNativeTarget section */

/* Begin PBXProject section */
		3513CC6D1C0C5DB600D09A1A /* Project object */ = {
			isa = PBXProject;
			attributes = {
				LastSwiftUpdateCheck = 0710;
				LastUpgradeCheck = 0900;
				ORGANIZATIONNAME = "Ivan Akulov";
				TargetAttributes = {
					3513CC741C0C5DB600D09A1A = {
						CreatedOnToolsVersion = 7.1.1;
						LastSwiftMigration = 0900;
					};
				};
			};
			buildConfigurationList = 3513CC701C0C5DB600D09A1A /* Build configuration list for PBXProject "MealTime" */;
			compatibilityVersion = "Xcode 3.2";
			developmentRegion = English;
			hasScannedForEncodings = 0;
			knownRegions = (
				en,
				Base,
			);
			mainGroup = 3513CC6C1C0C5DB600D09A1A;
			productRefGroup = 3513CC761C0C5DB600D09A1A /* Products */;
			projectDirPath = "";
			projectRoot = "";
			targets = (
				3513CC741C0C5DB600D09A1A /* MealTime */,
			);
		};
/* End PBXProject section */

/* Begin PBXResourcesBuildPhase section */
		3513CC731C0C5DB600D09A1A /* Resources */ = {
			isa = PBXResourcesBuildPhase;
			buildActionMask = 2147483647;
			files = (
				35F4E9901DD5D57900D2314A /* LaunchScreen.storyboard in Resources */,
				35F4E98F1DD5D57600D2314A /* Assets.xcassets in Resources */,
				35F4E98E1DD5D57300D2314A /* Main.storyboard in Resources */,
			);
			runOnlyForDeploymentPostprocessing = 0;
		};
/* End PBXResourcesBuildPhase section */

/* Begin PBXSourcesBuildPhase section */
		3513CC711C0C5DB600D09A1A /* Sources */ = {
			isa = PBXSourcesBuildPhase;
			buildActionMask = 2147483647;
			files = (
				35E6AC4F1DD5EC2500E2B450 /* CoreDataStack.swift in Sources */,
				3513CC7B1C0C5DB600D09A1A /* ViewController.swift in Sources */,
				3513CC791C0C5DB600D09A1A /* AppDelegate.swift in Sources */,
				35CA7A701DD6FDA100978909 /* MealTime.xcdatamodeld in Sources */,
			);
			runOnlyForDeploymentPostprocessing = 0;
		};
/* End PBXSourcesBuildPhase section */

/* Begin PBXVariantGroup section */
		3513CC7C1C0C5DB600D09A1A /* Main.storyboard */ = {
			isa = PBXVariantGroup;
			children = (
				3513CC7D1C0C5DB600D09A1A /* Base */,
			);
			name = Main.storyboard;
			sourceTree = "<group>";
		};
		3513CC841C0C5DB600D09A1A /* LaunchScreen.storyboard */ = {
			isa = PBXVariantGroup;
			children = (
				3513CC851C0C5DB600D09A1A /* Base */,
			);
			name = LaunchScreen.storyboard;
			sourceTree = "<group>";
		};
/* End PBXVariantGroup section */

/* Begin XCBuildConfiguration section */
		3513CC881C0C5DB600D09A1A /* Debug */ = {
			isa = XCBuildConfiguration;
			buildSettings = {
				ALWAYS_SEARCH_USER_PATHS = NO;
				CLANG_CXX_LANGUAGE_STANDARD = "gnu++0x";
				CLANG_CXX_LIBRARY = "libc++";
				CLANG_ENABLE_MODULES = YES;
				CLANG_ENABLE_OBJC_ARC = YES;
				CLANG_WARN_BLOCK_CAPTURE_AUTORELEASING = YES;
				CLANG_WARN_BOOL_CONVERSION = YES;
				CLANG_WARN_COMMA = YES;
				CLANG_WARN_CONSTANT_CONVERSION = YES;
				CLANG_WARN_DIRECT_OBJC_ISA_USAGE = YES_ERROR;
				CLANG_WARN_EMPTY_BODY = YES;
				CLANG_WARN_ENUM_CONVERSION = YES;
				CLANG_WARN_INFINITE_RECURSION = YES;
				CLANG_WARN_INT_CONVERSION = YES;
				CLANG_WARN_NON_LITERAL_NULL_CONVERSION = YES;
				CLANG_WARN_OBJC_LITERAL_CONVERSION = YES;
				CLANG_WARN_OBJC_ROOT_CLASS = YES_ERROR;
				CLANG_WARN_RANGE_LOOP_ANALYSIS = YES;
				CLANG_WARN_STRICT_PROTOTYPES = YES;
				CLANG_WARN_SUSPICIOUS_MOVE = YES;
				CLANG_WARN_UNREACHABLE_CODE = YES;
				CLANG_WARN__DUPLICATE_METHOD_MATCH = YES;
				"CODE_SIGN_IDENTITY[sdk=iphoneos*]" = "iPhone Developer";
				COPY_PHASE_STRIP = NO;
				DEBUG_INFORMATION_FORMAT = dwarf;
				ENABLE_STRICT_OBJC_MSGSEND = YES;
				ENABLE_TESTABILITY = YES;
				GCC_C_LANGUAGE_STANDARD = gnu99;
				GCC_DYNAMIC_NO_PIC = NO;
				GCC_NO_COMMON_BLOCKS = YES;
				GCC_OPTIMIZATION_LEVEL = 0;
				GCC_PREPROCESSOR_DEFINITIONS = (
					"DEBUG=1",
					"$(inherited)",
				);
				GCC_WARN_64_TO_32_BIT_CONVERSION = YES;
				GCC_WARN_ABOUT_RETURN_TYPE = YES_ERROR;
				GCC_WARN_UNDECLARED_SELECTOR = YES;
				GCC_WARN_UNINITIALIZED_AUTOS = YES_AGGRESSIVE;
				GCC_WARN_UNUSED_FUNCTION = YES;
				GCC_WARN_UNUSED_VARIABLE = YES;
				IPHONEOS_DEPLOYMENT_TARGET = 10.1;
				MTL_ENABLE_DEBUG_INFO = YES;
				ONLY_ACTIVE_ARCH = YES;
				SDKROOT = iphoneos;
				SWIFT_OPTIMIZATION_LEVEL = "-Onone";
			};
			name = Debug;
		};
		3513CC891C0C5DB600D09A1A /* Release */ = {
			isa = XCBuildConfiguration;
			buildSettings = {
				ALWAYS_SEARCH_USER_PATHS = NO;
				CLANG_CXX_LANGUAGE_STANDARD = "gnu++0x";
				CLANG_CXX_LIBRARY = "libc++";
				CLANG_ENABLE_MODULES = YES;
				CLANG_ENABLE_OBJC_ARC = YES;
				CLANG_WARN_BLOCK_CAPTURE_AUTORELEASING = YES;
				CLANG_WARN_BOOL_CONVERSION = YES;
				CLANG_WARN_COMMA = YES;
				CLANG_WARN_CONSTANT_CONVERSION = YES;
				CLANG_WARN_DIRECT_OBJC_ISA_USAGE = YES_ERROR;
				CLANG_WARN_EMPTY_BODY = YES;
				CLANG_WARN_ENUM_CONVERSION = YES;
				CLANG_WARN_INFINITE_RECURSION = YES;
				CLANG_WARN_INT_CONVERSION = YES;
				CLANG_WARN_NON_LITERAL_NULL_CONVERSION = YES;
				CLANG_WARN_OBJC_LITERAL_CONVERSION = YES;
				CLANG_WARN_OBJC_ROOT_CLASS = YES_ERROR;
				CLANG_WARN_RANGE_LOOP_ANALYSIS = YES;
				CLANG_WARN_STRICT_PROTOTYPES = YES;
				CLANG_WARN_SUSPICIOUS_MOVE = YES;
				CLANG_WARN_UNREACHABLE_CODE = YES;
				CLANG_WARN__DUPLICATE_METHOD_MATCH = YES;
				"CODE_SIGN_IDENTITY[sdk=iphoneos*]" = "iPhone Developer";
				COPY_PHASE_STRIP = NO;
				DEBUG_INFORMATION_FORMAT = "dwarf-with-dsym";
				ENABLE_NS_ASSERTIONS = NO;
				ENABLE_STRICT_OBJC_MSGSEND = YES;
				GCC_C_LANGUAGE_STANDARD = gnu99;
				GCC_NO_COMMON_BLOCKS = YES;
				GCC_WARN_64_TO_32_BIT_CONVERSION = YES;
				GCC_WARN_ABOUT_RETURN_TYPE = YES_ERROR;
				GCC_WARN_UNDECLARED_SELECTOR = YES;
				GCC_WARN_UNINITIALIZED_AUTOS = YES_AGGRESSIVE;
				GCC_WARN_UNUSED_FUNCTION = YES;
				GCC_WARN_UNUSED_VARIABLE = YES;
				IPHONEOS_DEPLOYMENT_TARGET = 10.1;
				MTL_ENABLE_DEBUG_INFO = NO;
				SDKROOT = iphoneos;
				SWIFT_OPTIMIZATION_LEVEL = "-Owholemodule";
				VALIDATE_PRODUCT = YES;
			};
			name = Release;
		};
		3513CC8B1C0C5DB600D09A1A /* Debug */ = {
			isa = XCBuildConfiguration;
			buildSettings = {
				ASSETCATALOG_COMPILER_APPICON_NAME = AppIcon;
				INFOPLIST_FILE = MealTime/Info.plist;
				LD_RUNPATH_SEARCH_PATHS = "$(inherited) @executable_path/Frameworks";
				PRODUCT_BUNDLE_IDENTIFIER = ru.swiftbook.MealTime;
				PRODUCT_NAME = "$(TARGET_NAME)";
				SWIFT_SWIFT3_OBJC_INFERENCE = Default;
				SWIFT_VERSION = 4.0;
			};
			name = Debug;
		};
		3513CC8C1C0C5DB600D09A1A /* Release */ = {
			isa = XCBuildConfiguration;
			buildSettings = {
				ASSETCATALOG_COMPILER_APPICON_NAME = AppIcon;
				INFOPLIST_FILE = MealTime/Info.plist;
				LD_RUNPATH_SEARCH_PATHS = "$(inherited) @executable_path/Frameworks";
				PRODUCT_BUNDLE_IDENTIFIER = ru.swiftbook.MealTime;
				PRODUCT_NAME = "$(TARGET_NAME)";
				SWIFT_SWIFT3_OBJC_INFERENCE = Default;
				SWIFT_VERSION = 4.0;
			};
			name = Release;
		};
/* End XCBuildConfiguration section */

/* Begin XCConfigurationList section */
		3513CC701C0C5DB600D09A1A /* Build configuration list for PBXProject "MealTime" */ = {
			isa = XCConfigurationList;
			buildConfigurations = (
				3513CC881C0C5DB600D09A1A /* Debug */,
				3513CC891C0C5DB600D09A1A /* Release */,
			);
			defaultConfigurationIsVisible = 0;
			defaultConfigurationName = Release;
		};
		3513CC8A1C0C5DB600D09A1A /* Build configuration list for PBXNativeTarget "MealTime" */ = {
			isa = XCConfigurationList;
			buildConfigurations = (
				3513CC8B1C0C5DB600D09A1A /* Debug */,
				3513CC8C1C0C5DB600D09A1A /* Release */,
			);
			defaultConfigurationIsVisible = 0;
			defaultConfigurationName = Release;
		};
/* End XCConfigurationList section */

/* Begin XCVersionGroup section */
		35CA7A6E1DD6FDA100978909 /* MealTime.xcdatamodeld */ = {
			isa = XCVersionGroup;
			children = (
				35CA7A6F1DD6FDA100978909 /* MealTime.xcdatamodel */,
			);
			currentVersion = 35CA7A6F1DD6FDA100978909 /* MealTime.xcdatamodel */;
			path = MealTime.xcdatamodeld;
			sourceTree = "<group>";
			versionGroupType = wrapper.xcdatamodel;
		};
/* End XCVersionGroup section */
	};
	rootObject = 3513CC6D1C0C5DB600D09A1A /* Project object */;
}
